
Microsoft Visual Studio Solution File, Format Version 12.00
# Visual Studio Version 17
VisualStudioVersion = 17.11.35208.52
MinimumVisualStudioVersion = 10.0.40219.1
Project("{9A19103F-16F7-4668-BE54-9A1E7A4F7556}") = "Api", "Api\Api.csproj", "{A462C528-894C-4A22-BCA7-371754664EFC}"
EndProject
Project("{9A19103F-16F7-4668-BE54-9A1E7A4F7556}") = "Application", "Application\Application.csproj", "{914EA101-A1E5-4DC6-8EE8-B7949CC0146F}"
EndProject
Project("{9A19103F-16F7-4668-BE54-9A1E7A4F7556}") = "Domain", "Domain\Domain.csproj", "{7BFC4510-5248-4406-8231-75163FC2B74B}"
EndProject
Project("{9A19103F-16F7-4668-BE54-9A1E7A4F7556}") = "Infra", "Infra\Infra.csproj", "{0A9A3123-F4A9-4EDD-A79D-E60F98A65BE2}"
EndProject
Global
	GlobalSection(SolutionConfigurationPlatforms) = preSolution
		Debug|Any CPU = Debug|Any CPU
		Release|Any CPU = Release|Any CPU
	EndGlobalSection
	GlobalSection(ProjectConfigurationPlatforms) = postSolution
		{A462C528-894C-4A22-BCA7-371754664EFC}.Debug|Any CPU.ActiveCfg = Debug|Any CPU
		{A462C528-894C-4A22-BCA7-371754664EFC}.Debug|Any CPU.Build.0 = Debug|Any CPU
		{A462C528-894C-4A22-BCA7-371754664EFC}.Release|Any CPU.ActiveCfg = Release|Any CPU
		{A462C528-894C-4A22-BCA7-371754664EFC}.Release|Any CPU.Build.0 = Release|Any CPU
		{914EA101-A1E5-4DC6-8EE8-B7949CC0146F}.Debug|Any CPU.ActiveCfg = Debug|Any CPU
		{914EA101-A1E5-4DC6-8EE8-B7949CC0146F}.Debug|Any CPU.Build.0 = Debug|Any CPU
		{914EA101-A1E5-4DC6-8EE8-B7949CC0146F}.Release|Any CPU.ActiveCfg = Release|Any CPU
		{914EA101-A1E5-4DC6-8EE8-B7949CC0146F}.Release|Any CPU.Build.0 = Release|Any CPU
		{7BFC4510-5248-4406-8231-75163FC2B74B}.Debug|Any CPU.ActiveCfg = Debug|Any CPU
		{7BFC4510-5248-4406-8231-75163FC2B74B}.Debug|Any CPU.Build.0 = Debug|Any CPU
		{7BFC4510-5248-4406-8231-75163FC2B74B}.Release|Any CPU.ActiveCfg = Release|Any CPU
		{7BFC4510-5248-4406-8231-75163FC2B74B}.Release|Any CPU.Build.0 = Release|Any CPU
		{0A9A3123-F4A9-4EDD-A79D-E60F98A65BE2}.Debug|Any CPU.ActiveCfg = Debug|Any CPU
		{0A9A3123-F4A9-4EDD-A79D-E60F98A65BE2}.Debug|Any CPU.Build.0 = Debug|Any CPU
		{0A9A3123-F4A9-4EDD-A79D-E60F98A65BE2}.Release|Any CPU.ActiveCfg = Release|Any CPU
		{0A9A3123-F4A9-4EDD-A79D-E60F98A65BE2}.Release|Any CPU.Build.0 = Release|Any CPU
	EndGlobalSection
	GlobalSection(SolutionProperties) = preSolution
		HideSolutionNode = FALSE
	EndGlobalSection
	GlobalSection(ExtensibilityGlobals) = postSolution
		SolutionGuid = {F7E3708D-B5FC-4BFB-A632-323C9AF5803E}
	EndGlobalSection
EndGlobal
